
Microsoft Visual Studio Solution File, Format Version 12.00
Project("{FAE04EC0-301F-11D3-BF4B-00C04F79EFBC}") = "PlayerButtons", "PlayerButtons\PlayerButtons.csproj", "{B4764432-8967-467E-AA23-467FEDC9630F}"
EndProject
Global
	GlobalSection(SolutionConfigurationPlatforms) = preSolution
		Debug|Any CPU = Debug|Any CPU
		Release|Any CPU = Release|Any CPU
	EndGlobalSection
	GlobalSection(ProjectConfigurationPlatforms) = postSolution
		{B4764432-8967-467E-AA23-467FEDC9630F}.Debug|Any CPU.ActiveCfg = Debug|Any CPU
		{B4764432-8967-467E-AA23-467FEDC9630F}.Debug|Any CPU.Build.0 = Debug|Any CPU
		{B4764432-8967-467E-AA23-467FEDC9630F}.Release|Any CPU.ActiveCfg = Release|Any CPU
		{B4764432-8967-467E-AA23-467FEDC9630F}.Release|Any CPU.Build.0 = Release|Any CPU
	EndGlobalSection
EndGlobal
